
Microsoft Visual Studio Solution File, Format Version 12.00
# Visual Studio 15
VisualStudioVersion = 15.0.27428.2043
MinimumVisualStudioVersion = 10.0.40219.1
Project("{8BC9CEB8-8B4A-11D0-8D11-00A0C91BC942}") = "backprojection_residuals", "backprojection_residuals\backprojection_residuals.vcxproj", "{33E47151-9FD0-4456-B0C9-162524EA5DF9}"
EndProject
Global
	GlobalSection(SolutionConfigurationPlatforms) = preSolution
		Debug|x64 = Debug|x64
		Debug|x86 = Debug|x86
		Release|x64 = Release|x64
		Release|x86 = Release|x86
	EndGlobalSection
	GlobalSection(ProjectConfigurationPlatforms) = postSolution
		{33E47151-9FD0-4456-B0C9-162524EA5DF9}.Debug|x64.ActiveCfg = Debug|x64
		{33E47151-9FD0-4456-B0C9-162524EA5DF9}.Debug|x64.Build.0 = Debug|x64
		{33E47151-9FD0-4456-B0C9-162524EA5DF9}.Debug|x86.ActiveCfg = Debug|Win32
		{33E47151-9FD0-4456-B0C9-162524EA5DF9}.Debug|x86.Build.0 = Debug|Win32
		{33E47151-9FD0-4456-B0C9-162524EA5DF9}.Release|x64.ActiveCfg = Release|x64
		{33E47151-9FD0-4456-B0C9-162524EA5DF9}.Release|x64.Build.0 = Release|x64
		{33E47151-9FD0-4456-B0C9-162524EA5DF9}.Release|x86.ActiveCfg = Release|Win32
		{33E47151-9FD0-4456-B0C9-162524EA5DF9}.Release|x86.Build.0 = Release|Win32
	EndGlobalSection
	GlobalSection(SolutionProperties) = preSolution
		HideSolutionNode = FALSE
	EndGlobalSection
	GlobalSection(ExtensibilityGlobals) = postSolution
		SolutionGuid = {4C7FA070-2716-4C03-AA4B-69F336C9C4A9}
	EndGlobalSection
EndGlobal
